GEM
  remote: https://rubygems.org/
  specs:
    cheatset (1.5.0)
      haml (>= 5.2)
      plist (>= 3.5.0)
      redcarpet (>= 3.5.1)
      rouge (>= 3.26.0)
      sanitize (>= 5.2.1)
      sqlite3 (>= 1.6)
      thor (>= 1.0.1)
      unindent (>= 1.0)
    crass (1.0.6)
    haml (7.2.0)
      temple (>= 0.8.2)
      thor
      tilt
    nokogiri (1.19.1-aarch64-linux-gnu)
      racc (~> 1.4)
    nokogiri (1.19.1-arm64-darwin)
      racc (~> 1.4)
    nokogiri (1.19.1-x86_64-linux-gnu)
      racc (~> 1.4)
    plist (3.7.2)
    racc (1.8.1)
    redcarpet (3.6.1)
    rouge (4.7.0)
    sanitize (7.0.0)
      crass (~> 1.0.2)
      nokogiri (>= 1.16.8)
    sqlite3 (2.9.0-aarch64-linux-gnu)
    sqlite3 (2.9.0-arm64-darwin)
    sqlite3 (2.9.0-x86_64-linux-gnu)
    temple (0.10.4)
    thor (1.5.0)
    tilt (2.7.0)
    unindent (1.0)

PLATFORMS
  aarch64-linux
  arm64-darwin-22
  arm64-darwin-23
  x86_64-linux

DEPENDENCIES
  cheatset (= 1.5.0)

BUNDLED WITH
   2.4.20
